
Microsoft Visual Studio Solution File, Format Version 12.00
# Visual Studio Version 16
VisualStudioVersion = 16.0.30204.135
MinimumVisualStudioVersion = 10.0.40219.1
Project("{FAE04EC0-301F-11D3-BF4B-00C04F79EFBC}") = "HX711DotNet", "HX711DotNet\HX711DotNet.csproj", "{0B850612-4D8E-4DB7-9295-7F65D52C53DA}"
EndProject
Project("{FAE04EC0-301F-11D3-BF4B-00C04F79EFBC}") = "TestApplication", "TestApplication\TestApplication.csproj", "{F720440D-20CE-41D9-92B5-B67A68485BF8}"
EndProject
Global
	GlobalSection(SolutionConfigurationPlatforms) = preSolution
		Debug|Any CPU = Debug|Any CPU
		Release|Any CPU = Release|Any CPU
	EndGlobalSection
	GlobalSection(ProjectConfigurationPlatforms) = postSolution
		{0B850612-4D8E-4DB7-9295-7F65D52C53DA}.Debug|Any CPU.ActiveCfg = Debug|Any CPU
		{0B850612-4D8E-4DB7-9295-7F65D52C53DA}.Debug|Any CPU.Build.0 = Debug|Any CPU
		{0B850612-4D8E-4DB7-9295-7F65D52C53DA}.Release|Any CPU.ActiveCfg = Release|Any CPU
		{0B850612-4D8E-4DB7-9295-7F65D52C53DA}.Release|Any CPU.Build.0 = Release|Any CPU
		{F720440D-20CE-41D9-92B5-B67A68485BF8}.Debug|Any CPU.ActiveCfg = Debug|Any CPU
		{F720440D-20CE-41D9-92B5-B67A68485BF8}.Debug|Any CPU.Build.0 = Debug|Any CPU
		{F720440D-20CE-41D9-92B5-B67A68485BF8}.Release|Any CPU.ActiveCfg = Release|Any CPU
		{F720440D-20CE-41D9-92B5-B67A68485BF8}.Release|Any CPU.Build.0 = Release|Any CPU
	EndGlobalSection
	GlobalSection(SolutionProperties) = preSolution
		HideSolutionNode = FALSE
	EndGlobalSection
	GlobalSection(ExtensibilityGlobals) = postSolution
		SolutionGuid = {F7259624-09B6-4B12-888D-93E4EF6918DC}
	EndGlobalSection
EndGlobal
